
Microsoft Visual Studio Solution File, Format Version 12.00
# Visual Studio Version 17
VisualStudioVersion = 17.11.35327.3
MinimumVisualStudioVersion = 10.0.40219.1
Project("{FAE04EC0-301F-11D3-BF4B-00C04F79EFBC}") = "McLaren_Store", "McLaren_Store\McLaren_Store.csproj", "{31E762FA-ABD8-4D4B-BBC1-31B420B00E6F}"
EndProject
Global
	GlobalSection(SolutionConfigurationPlatforms) = preSolution
		Debug|Any CPU = Debug|Any CPU
		Release|Any CPU = Release|Any CPU
	EndGlobalSection
	GlobalSection(ProjectConfigurationPlatforms) = postSolution
		{31E762FA-ABD8-4D4B-BBC1-31B420B00E6F}.Debug|Any CPU.ActiveCfg = Debug|Any CPU
		{31E762FA-ABD8-4D4B-BBC1-31B420B00E6F}.Debug|Any CPU.Build.0 = Debug|Any CPU
		{31E762FA-ABD8-4D4B-BBC1-31B420B00E6F}.Release|Any CPU.ActiveCfg = Release|Any CPU
		{31E762FA-ABD8-4D4B-BBC1-31B420B00E6F}.Release|Any CPU.Build.0 = Release|Any CPU
	EndGlobalSection
	GlobalSection(SolutionProperties) = preSolution
		HideSolutionNode = FALSE
	EndGlobalSection
	GlobalSection(ExtensibilityGlobals) = postSolution
		SolutionGuid = {6152BAE3-51DA-4F79-B446-38611BE3998A}
	EndGlobalSection
EndGlobal
